# THIS IS AN AUTOGENERATED FILE. DO NOT EDIT THIS FILE DIRECTLY.
# yarn lockfile v1


"@algolia/autocomplete-core@1.5.2":
  version "1.5.2"
  resolved "http://r.npm.sankuai.com/@algolia/autocomplete-core/download/@algolia/autocomplete-core-1.5.2.tgz#ec0178e07b44fd74a057728ac157291b26cecf37"
  integrity sha1-7AF44HtE/XSgV3KKwVcpGybOzzc=
  dependencies:
    "@algolia/autocomplete-shared" "1.5.2"

"@algolia/autocomplete-preset-algolia@1.5.2":
  version "1.5.2"
  resolved "http://r.npm.sankuai.com/@algolia/autocomplete-preset-algolia/download/@algolia/autocomplete-preset-algolia-1.5.2.tgz#36c5638cc6dba6ea46a86e5a0314637ca40a77ca"
  integrity sha1-NsVjjMbbpupGqG5aAxRjfKQKd8o=
  dependencies:
    "@algolia/autocomplete-shared" "1.5.2"

"@algolia/autocomplete-shared@1.5.2":
  version "1.5.2"
  resolved "http://r.npm.sankuai.com/@algolia/autocomplete-shared/download/@algolia/autocomplete-shared-1.5.2.tgz#e157f9ad624ab8fd940ff28bd2094cdf199cdd79"
  integrity sha1-4Vf5rWJKuP2UD/KL0glM3xmc3Xk=

"@algolia/cache-browser-local-storage@4.13.0":
  version "4.13.0"
  resolved "http://r.npm.sankuai.com/@algolia/cache-browser-local-storage/download/@algolia/cache-browser-local-storage-4.13.0.tgz#f8aa4fe31104b19d616ea392f9ed5c2ea847d964"
  integrity sha1-+KpP4xEEsZ1hbqOS+e1cLqhH2WQ=
  dependencies:
    "@algolia/cache-common" "4.13.0"

"@algolia/cache-common@4.13.0":
  version "4.13.0"
  resolved "http://r.npm.sankuai.com/@algolia/cache-common/download/@algolia/cache-common-4.13.0.tgz#27b83fd3939d08d72261b36a07eeafc4cb4d2113"
  integrity sha1-J7g/05OdCNciYbNqB+6vxMtNIRM=

"@algolia/cache-in-memory@4.13.0":
  version "4.13.0"
  resolved "http://r.npm.sankuai.com/@algolia/cache-in-memory/download/@algolia/cache-in-memory-4.13.0.tgz#10801a74550cbabb64b59ff08c56bce9c278ff2d"
  integrity sha1-EIAadFUMurtktZ/wjFa86cJ4/y0=
  dependencies:
    "@algolia/cache-common" "4.13.0"

"@algolia/client-account@4.13.0":
  version "4.13.0"
  resolved "http://r.npm.sankuai.com/@algolia/client-account/download/@algolia/client-account-4.13.0.tgz#f8646dd40d1e9e3353e10abbd5d6c293ea92a8e2"
  integrity sha1-+GRt1A0enjNT4Qq71dbCk+qSqOI=
  dependencies:
    "@algolia/client-common" "4.13.0"
    "@algolia/client-search" "4.13.0"
    "@algolia/transporter" "4.13.0"

"@algolia/client-analytics@4.13.0":
  version "4.13.0"
  resolved "http://r.npm.sankuai.com/@algolia/client-analytics/download/@algolia/client-analytics-4.13.0.tgz#a00bd02df45d71becb9dd4c5c993d805f2e1786d"
  integrity sha1-oAvQLfRdcb7LndTFyZPYBfLheG0=
  dependencies:
    "@algolia/client-common" "4.13.0"
    "@algolia/client-search" "4.13.0"
    "@algolia/requester-common" "4.13.0"
    "@algolia/transporter" "4.13.0"

"@algolia/client-common@4.13.0":
  version "4.13.0"
  resolved "http://r.npm.sankuai.com/@algolia/client-common/download/@algolia/client-common-4.13.0.tgz#8bc373d164dbdcce38b4586912bbe162492bcb86"
  integrity sha1-i8Nz0WTb3M44tFhpErvhYkkry4Y=
  dependencies:
    "@algolia/requester-common" "4.13.0"
    "@algolia/transporter" "4.13.0"

"@algolia/client-personalization@4.13.0":
  version "4.13.0"
  resolved "http://r.npm.sankuai.com/@algolia/client-personalization/download/@algolia/client-personalization-4.13.0.tgz#10fb7af356422551f11a67222b39c52306f1512c"
  integrity sha1-EPt681ZCJVHxGmciKznFIwbxUSw=
  dependencies:
    "@algolia/client-common" "4.13.0"
    "@algolia/requester-common" "4.13.0"
    "@algolia/transporter" "4.13.0"

"@algolia/client-search@4.13.0":
  version "4.13.0"
  resolved "http://r.npm.sankuai.com/@algolia/client-search/download/@algolia/client-search-4.13.0.tgz#2d8ff8e755c4a37ec89968f3f9b358eed005c7f0"
  integrity sha1-LY/451XEo37ImWjz+bNY7tAFx/A=
  dependencies:
    "@algolia/client-common" "4.13.0"
    "@algolia/requester-common" "4.13.0"
    "@algolia/transporter" "4.13.0"

"@algolia/logger-common@4.13.0":
  version "4.13.0"
  resolved "http://r.npm.sankuai.com/@algolia/logger-common/download/@algolia/logger-common-4.13.0.tgz#be2606e71aae618a1ff1ea9a1b5f5a74284b35a8"
  integrity sha1-viYG5xquYYof8eqaG19adChLNag=

"@algolia/logger-console@4.13.0":
  version "4.13.0"
  resolved "http://r.npm.sankuai.com/@algolia/logger-console/download/@algolia/logger-console-4.13.0.tgz#f28028a760e3d9191e28a10b12925e48f6c9afde"
  integrity sha1-8oAop2Dj2RkeKKELEpJeSPbJr94=
  dependencies:
    "@algolia/logger-common" "4.13.0"

"@algolia/requester-browser-xhr@4.13.0":
  version "4.13.0"
  resolved "http://r.npm.sankuai.com/@algolia/requester-browser-xhr/download/@algolia/requester-browser-xhr-4.13.0.tgz#e2483f4e8d7f09e27cd0daf6c77711d15c5a919f"
  integrity sha1-4kg/To1/CeJ80Nr2x3cR0VxakZ8=
  dependencies:
    "@algolia/requester-common" "4.13.0"

"@algolia/requester-common@4.13.0":
  version "4.13.0"
  resolved "http://r.npm.sankuai.com/@algolia/requester-common/download/@algolia/requester-common-4.13.0.tgz#47fb3464cfb26b55ba43676d13f295d812830596"
  integrity sha1-R/s0ZM+ya1W6Q2dtE/KV2BKDBZY=

"@algolia/requester-node-http@4.13.0":
  version "4.13.0"
  resolved "http://r.npm.sankuai.com/@algolia/requester-node-http/download/@algolia/requester-node-http-4.13.0.tgz#7d981bbd31492f51dd11820a665f9d8906793c37"
  integrity sha1-fZgbvTFJL1HdEYIKZl+diQZ5PDc=
  dependencies:
    "@algolia/requester-common" "4.13.0"

"@algolia/transporter@4.13.0":
  version "4.13.0"
  resolved "http://r.npm.sankuai.com/@algolia/transporter/download/@algolia/transporter-4.13.0.tgz#f6379e5329efa2127da68c914d1141f5f21dbd07"
  integrity sha1-9jeeUynvohJ9poyRTRFB9fIdvQc=
  dependencies:
    "@algolia/cache-common" "4.13.0"
    "@algolia/logger-common" "4.13.0"
    "@algolia/requester-common" "4.13.0"

"@babel/parser@^7.16.4":
  version "7.17.9"
  resolved "http://r.npm.sankuai.com/@babel/parser/download/@babel/parser-7.17.9.tgz#9c94189a6062f0291418ca021077983058e171ef"
  integrity sha1-nJQYmmBi8CkUGMoCEHeYMFjhce8=

"@docsearch/css@3.0.0", "@docsearch/css@^3.0.0-alpha.41":
  version "3.0.0"
  resolved "http://r.npm.sankuai.com/@docsearch/css/download/@docsearch/css-3.0.0.tgz#fe57b474802ffd706d3246eab25d52fac8aa3698"
  integrity sha1-/le0dIAv/XBtMkbqsl1S+siqNpg=

"@docsearch/js@^3.0.0-alpha.41":
  version "3.0.0"
  resolved "http://r.npm.sankuai.com/@docsearch/js/download/@docsearch/js-3.0.0.tgz#394a99f68895503d57faf523ecec0b25b02f638c"
  integrity sha1-OUqZ9oiVUD1X+vUj7OwLJbAvY4w=
  dependencies:
    "@docsearch/react" "3.0.0"
    preact "^10.0.0"

"@docsearch/react@3.0.0":
  version "3.0.0"
  resolved "http://r.npm.sankuai.com/@docsearch/react/download/@docsearch/react-3.0.0.tgz#d02ebdc67573412185a6a4df13bc254c7c0da491"
  integrity sha1-0C69xnVzQSGFpqTfE7wlTHwNpJE=
  dependencies:
    "@algolia/autocomplete-core" "1.5.2"
    "@algolia/autocomplete-preset-algolia" "1.5.2"
    "@docsearch/css" "3.0.0"
    algoliasearch "^4.0.0"

"@vitejs/plugin-vue@^2.2.0":
  version "2.3.1"
  resolved "http://r.npm.sankuai.com/@vitejs/plugin-vue/download/@vitejs/plugin-vue-2.3.1.tgz#5f286b8d3515381c6d5c8fa8eee5e6335f727e14"
  integrity sha1-XyhrjTUVOBxtXI+o7uXmM19yfhQ=

"@vue/compiler-core@3.2.31":
  version "3.2.31"
  resolved "http://r.npm.sankuai.com/@vue/compiler-core/download/@vue/compiler-core-3.2.31.tgz#d38f06c2cf845742403b523ab4596a3fda152e89"
  integrity sha1-048Gws+EV0JAO1I6tFlqP9oVLok=
  dependencies:
    "@babel/parser" "^7.16.4"
    "@vue/shared" "3.2.31"
    estree-walker "^2.0.2"
    source-map "^0.6.1"

"@vue/compiler-dom@3.2.31":
  version "3.2.31"
  resolved "http://r.npm.sankuai.com/@vue/compiler-dom/download/@vue/compiler-dom-3.2.31.tgz#b1b7dfad55c96c8cc2b919cd7eb5fd7e4ddbf00e"
  integrity sha1-sbffrVXJbIzCuRnNfrX9fk3b8A4=
  dependencies:
    "@vue/compiler-core" "3.2.31"
    "@vue/shared" "3.2.31"

"@vue/compiler-sfc@3.2.31":
  version "3.2.31"
  resolved "http://r.npm.sankuai.com/@vue/compiler-sfc/download/@vue/compiler-sfc-3.2.31.tgz#d02b29c3fe34d599a52c5ae1c6937b4d69f11c2f"
  integrity sha1-0Cspw/401ZmlLFrhxpN7TWnxHC8=
  dependencies:
    "@babel/parser" "^7.16.4"
    "@vue/compiler-core" "3.2.31"
    "@vue/compiler-dom" "3.2.31"
    "@vue/compiler-ssr" "3.2.31"
    "@vue/reactivity-transform" "3.2.31"
    "@vue/shared" "3.2.31"
    estree-walker "^2.0.2"
    magic-string "^0.25.7"
    postcss "^8.1.10"
    source-map "^0.6.1"

"@vue/compiler-ssr@3.2.31":
  version "3.2.31"
  resolved "http://r.npm.sankuai.com/@vue/compiler-ssr/download/@vue/compiler-ssr-3.2.31.tgz#4fa00f486c9c4580b40a4177871ebbd650ecb99c"
  integrity sha1-T6APSGycRYC0CkF3hx671lDsuZw=
  dependencies:
    "@vue/compiler-dom" "3.2.31"
    "@vue/shared" "3.2.31"

"@vue/reactivity-transform@3.2.31":
  version "3.2.31"
  resolved "http://r.npm.sankuai.com/@vue/reactivity-transform/download/@vue/reactivity-transform-3.2.31.tgz#0f5b25c24e70edab2b613d5305c465b50fc00911"
  integrity sha1-D1slwk5w7asrYT1TBcRltQ/ACRE=
  dependencies:
    "@babel/parser" "^7.16.4"
    "@vue/compiler-core" "3.2.31"
    "@vue/shared" "3.2.31"
    estree-walker "^2.0.2"
    magic-string "^0.25.7"

"@vue/reactivity@3.2.31":
  version "3.2.31"
  resolved "http://r.npm.sankuai.com/@vue/reactivity/download/@vue/reactivity-3.2.31.tgz#fc90aa2cdf695418b79e534783aca90d63a46bbd"
  integrity sha1-/JCqLN9pVBi3nlNHg6ypDWOka70=
  dependencies:
    "@vue/shared" "3.2.31"

"@vue/runtime-core@3.2.31":
  version "3.2.31"
  resolved "http://r.npm.sankuai.com/@vue/runtime-core/download/@vue/runtime-core-3.2.31.tgz#9d284c382f5f981b7a7b5971052a1dc4ef39ac7a"
  integrity sha1-nShMOC9fmBt6e1lxBSodxO85rHo=
  dependencies:
    "@vue/reactivity" "3.2.31"
    "@vue/shared" "3.2.31"

"@vue/runtime-dom@3.2.31":
  version "3.2.31"
  resolved "http://r.npm.sankuai.com/@vue/runtime-dom/download/@vue/runtime-dom-3.2.31.tgz#79ce01817cb3caf2c9d923f669b738d2d7953eff"
  integrity sha1-ec4BgXyzyvLJ2SP2abc40teVPv8=
  dependencies:
    "@vue/runtime-core" "3.2.31"
    "@vue/shared" "3.2.31"
    csstype "^2.6.8"

"@vue/server-renderer@3.2.31":
  version "3.2.31"
  resolved "http://r.npm.sankuai.com/@vue/server-renderer/download/@vue/server-renderer-3.2.31.tgz#201e9d6ce735847d5989403af81ef80960da7141"
  integrity sha1-IB6dbOc1hH1ZiUA6+B74CWDacUE=
  dependencies:
    "@vue/compiler-ssr" "3.2.31"
    "@vue/shared" "3.2.31"

"@vue/shared@3.2.31":
  version "3.2.31"
  resolved "http://r.npm.sankuai.com/@vue/shared/download/@vue/shared-3.2.31.tgz#c90de7126d833dcd3a4c7534d534be2fb41faa4e"
  integrity sha1-yQ3nEm2DPc06THU01TS+L7Qfqk4=

algoliasearch@^4.0.0:
  version "4.13.0"
  resolved "http://r.npm.sankuai.com/algoliasearch/download/algoliasearch-4.13.0.tgz#e36611fda82b1fc548c156ae7929a7f486e4b663"
  integrity sha1-42YR/agrH8VIwVaueSmn9IbktmM=
  dependencies:
    "@algolia/cache-browser-local-storage" "4.13.0"
    "@algolia/cache-common" "4.13.0"
    "@algolia/cache-in-memory" "4.13.0"
    "@algolia/client-account" "4.13.0"
    "@algolia/client-analytics" "4.13.0"
    "@algolia/client-common" "4.13.0"
    "@algolia/client-personalization" "4.13.0"
    "@algolia/client-search" "4.13.0"
    "@algolia/logger-common" "4.13.0"
    "@algolia/logger-console" "4.13.0"
    "@algolia/requester-browser-xhr" "4.13.0"
    "@algolia/requester-common" "4.13.0"
    "@algolia/requester-node-http" "4.13.0"
    "@algolia/transporter" "4.13.0"

csstype@^2.6.8:
  version "2.6.20"
  resolved "http://r.npm.sankuai.com/csstype/download/csstype-2.6.20.tgz#9229c65ea0b260cf4d3d997cb06288e36a8d6dda"
  integrity sha1-kinGXqCyYM9NPZl8sGKI42qNbdo=

esbuild-android-64@0.14.34:
  version "0.14.34"
  resolved "http://r.npm.sankuai.com/esbuild-android-64/download/esbuild-android-64-0.14.34.tgz#46bc4327dd0809937912346244eaffdb9bfc980d"
  integrity sha1-RrxDJ90ICZN5EjRiROr/25v8mA0=

esbuild-android-arm64@0.14.34:
  version "0.14.34"
  resolved "http://r.npm.sankuai.com/esbuild-android-arm64/download/esbuild-android-arm64-0.14.34.tgz#a3f7e1ad84b8a7dcb39b5e132768b56ee7133656"
  integrity sha1-o/fhrYS4p9yzm14TJ2i1bucTNlY=

esbuild-darwin-64@0.14.34:
  version "0.14.34"
  resolved "http://r.npm.sankuai.com/esbuild-darwin-64/download/esbuild-darwin-64-0.14.34.tgz#a0e4ab7a0cddf76761f1fb5d6bf552a376beb16e"
  integrity sha1-oOSregzd92dh8ftda/VSo3a+sW4=

esbuild-darwin-arm64@0.14.34:
  version "0.14.34"
  resolved "http://r.npm.sankuai.com/esbuild-darwin-arm64/download/esbuild-darwin-arm64-0.14.34.tgz#54c35461f82f83a7f5169d9a6a54201798977b07"
  integrity sha1-VMNUYfgvg6f1Fp2aalQgF5iXewc=

esbuild-freebsd-64@0.14.34:
  version "0.14.34"
  resolved "http://r.npm.sankuai.com/esbuild-freebsd-64/download/esbuild-freebsd-64-0.14.34.tgz#aebb50248f5874d04ffeab2db8ee1ed6037e2654"
  integrity sha1-rrtQJI9YdNBP/qstuO4e1gN+JlQ=

esbuild-freebsd-arm64@0.14.34:
  version "0.14.34"
  resolved "http://r.npm.sankuai.com/esbuild-freebsd-arm64/download/esbuild-freebsd-arm64-0.14.34.tgz#09bef288e29f18b38b0c70a9827b6ee718e36c7f"
  integrity sha1-Cb7yiOKfGLOLDHCpgntu5xjjbH8=

esbuild-linux-32@0.14.34:
  version "0.14.34"
  resolved "http://r.npm.sankuai.com/esbuild-linux-32/download/esbuild-linux-32-0.14.34.tgz#67790061758e008e919e65bbc34549f55dadaca7"
  integrity sha1-Z3kAYXWOAI6RnmW7w0VJ9V2trKc=

esbuild-linux-64@0.14.34:
  version "0.14.34"
  resolved "http://r.npm.sankuai.com/esbuild-linux-64/download/esbuild-linux-64-0.14.34.tgz#b9b19d4ac07e37495dd2508ec843418aa71c98d6"
  integrity sha1-ubGdSsB+N0ld0lCOyENBiqccmNY=

esbuild-linux-arm64@0.14.34:
  version "0.14.34"
  resolved "http://r.npm.sankuai.com/esbuild-linux-arm64/download/esbuild-linux-arm64-0.14.34.tgz#fd84b11a6ccfe9e83e00d0c45890e9fb3a7248c1"
  integrity sha1-/YSxGmzP6eg+ANDEWJDp+zpySME=

esbuild-linux-arm@0.14.34:
  version "0.14.34"
  resolved "http://r.npm.sankuai.com/esbuild-linux-arm/download/esbuild-linux-arm-0.14.34.tgz#c89d4714b05265a315a97c8933508cc73950e683"
  integrity sha1-yJ1HFLBSZaMVqXyJM1CMxzlQ5oM=

esbuild-linux-mips64le@0.14.34:
  version "0.14.34"
  resolved "http://r.npm.sankuai.com/esbuild-linux-mips64le/download/esbuild-linux-mips64le-0.14.34.tgz#d60752c3fb1260dd0737532af2de2a9521656456"
  integrity sha1-1gdSw/sSYN0HN1Mq8t4qlSFlZFY=

esbuild-linux-ppc64le@0.14.34:
  version "0.14.34"
  resolved "http://r.npm.sankuai.com/esbuild-linux-ppc64le/download/esbuild-linux-ppc64le-0.14.34.tgz#f4c6229269956564f0c6f9825f5e717c2cfc22b3"
  integrity sha1-9MYikmmVZWTwxvmCX15xfCz8IrM=

esbuild-linux-riscv64@0.14.34:
  version "0.14.34"
  resolved "http://r.npm.sankuai.com/esbuild-linux-riscv64/download/esbuild-linux-riscv64-0.14.34.tgz#549bd18a9eba3135b67f7b742730b5343a1be35d"
  integrity sha1-VJvRip66MTW2f3t0JzC1NDob410=

esbuild-linux-s390x@0.14.34:
  version "0.14.34"
  resolved "http://r.npm.sankuai.com/esbuild-linux-s390x/download/esbuild-linux-s390x-0.14.34.tgz#2a6b577c437f94c2b37623c755ff5215a05c12bc"
  integrity sha1-KmtXfEN/lMKzdiPHVf9SFaBcErw=

esbuild-netbsd-64@0.14.34:
  version "0.14.34"
  resolved "http://r.npm.sankuai.com/esbuild-netbsd-64/download/esbuild-netbsd-64-0.14.34.tgz#7f0b73229157975eb35597207723df52ba21722a"
  integrity sha1-fwtzIpFXl16zVZcgdyPfUrohcio=

esbuild-openbsd-64@0.14.34:
  version "0.14.34"
  resolved "http://r.npm.sankuai.com/esbuild-openbsd-64/download/esbuild-openbsd-64-0.14.34.tgz#b9bc44b4f70031fb01b173b279daeffc4d4f54b7"
  integrity sha1-ubxEtPcAMfsBsXOyedrv/E1PVLc=

esbuild-sunos-64@0.14.34:
  version "0.14.34"
  resolved "http://r.npm.sankuai.com/esbuild-sunos-64/download/esbuild-sunos-64-0.14.34.tgz#512dd6085ac1a0dccc20c5f932f16a618bea409c"
  integrity sha1-US3WCFrBoNzMIMX5MvFqYYvqQJw=

esbuild-windows-32@0.14.34:
  version "0.14.34"
  resolved "http://r.npm.sankuai.com/esbuild-windows-32/download/esbuild-windows-32-0.14.34.tgz#3ff1afd5cac08050c7c7140a59e343b06f6b037c"
  integrity sha1-P/Gv1crAgFDHxxQKWeNDsG9rA3w=

esbuild-windows-64@0.14.34:
  version "0.14.34"
  resolved "http://r.npm.sankuai.com/esbuild-windows-64/download/esbuild-windows-64-0.14.34.tgz#66f7b43d2a0b132f6748dfa3edac4fc939a99be0"
  integrity sha1-Zve0PSoLEy9nSN+j7axPyTmpm+A=

esbuild-windows-arm64@0.14.34:
  version "0.14.34"
  resolved "http://r.npm.sankuai.com/esbuild-windows-arm64/download/esbuild-windows-arm64-0.14.34.tgz#b74a6395b7b7e53dba70b71b39542afd83352473"
  integrity sha1-t0pjlbe35T26cLcbOVQq/YM1JHM=

esbuild@^0.14.27:
  version "0.14.34"
  resolved "http://r.npm.sankuai.com/esbuild/download/esbuild-0.14.34.tgz#3610056f0a57bcfd0b63ddaafdb2e3bef1cf96e4"
  integrity sha1-NhAFbwpXvP0LY92q/bLjvvHPluQ=
  optionalDependencies:
    esbuild-android-64 "0.14.34"
    esbuild-android-arm64 "0.14.34"
    esbuild-darwin-64 "0.14.34"
    esbuild-darwin-arm64 "0.14.34"
    esbuild-freebsd-64 "0.14.34"
    esbuild-freebsd-arm64 "0.14.34"
    esbuild-linux-32 "0.14.34"
    esbuild-linux-64 "0.14.34"
    esbuild-linux-arm "0.14.34"
    esbuild-linux-arm64 "0.14.34"
    esbuild-linux-mips64le "0.14.34"
    esbuild-linux-ppc64le "0.14.34"
    esbuild-linux-riscv64 "0.14.34"
    esbuild-linux-s390x "0.14.34"
    esbuild-netbsd-64 "0.14.34"
    esbuild-openbsd-64 "0.14.34"
    esbuild-sunos-64 "0.14.34"
    esbuild-windows-32 "0.14.34"
    esbuild-windows-64 "0.14.34"
    esbuild-windows-arm64 "0.14.34"

estree-walker@^2.0.2:
  version "2.0.2"
  resolved "http://r.npm.sankuai.com/estree-walker/download/estree-walker-2.0.2.tgz#52f010178c2a4c117a7757cfe942adb7d2da4cac"
  integrity sha1-UvAQF4wqTBF6d1fP6UKtt9LaTKw=

fsevents@~2.3.2:
  version "2.3.2"
  resolved "http://r.npm.sankuai.com/fsevents/download/fsevents-2.3.2.tgz#8a526f78b8fdf4623b709e0b975c52c24c02fd1a"
  integrity sha1-ilJveLj99GI7cJ4Ll1xSwkwC/Ro=

function-bind@^1.1.1:
  version "1.1.1"
  resolved "http://r.npm.sankuai.com/function-bind/download/function-bind-1.1.1.tgz#a56899d3ea3c9bab874bb9773b7c5ede92f4895d"
  integrity sha1-pWiZ0+o8m6uHS7l3O3xe3pL0iV0=

has@^1.0.3:
  version "1.0.3"
  resolved "http://r.npm.sankuai.com/has/download/has-1.0.3.tgz#722d7cbfc1f6aa8241f16dd814e011e1f41e8796"
  integrity sha1-ci18v8H2qoJB8W3YFOAR4fQeh5Y=
  dependencies:
    function-bind "^1.1.1"

is-core-module@^2.8.1:
  version "2.8.1"
  resolved "http://r.npm.sankuai.com/is-core-module/download/is-core-module-2.8.1.tgz#f59fdfca701d5879d0a6b100a40aa1560ce27211"
  integrity sha1-9Z/fynAdWHnQprEApAqhVgzichE=
  dependencies:
    has "^1.0.3"

magic-string@^0.25.7:
  version "0.25.9"
  resolved "http://r.npm.sankuai.com/magic-string/download/magic-string-0.25.9.tgz#de7f9faf91ef8a1c91d02c2e5314c8277dbcdd1c"
  integrity sha1-3n+fr5HvihyR0CwuUxTIJ3283Rw=
  dependencies:
    sourcemap-codec "^1.4.8"

nanoid@^3.3.1:
  version "3.3.2"
  resolved "http://r.npm.sankuai.com/nanoid/download/nanoid-3.3.2.tgz#c89622fafb4381cd221421c69ec58547a1eec557"
  integrity sha1-yJYi+vtDgc0iFCHGnsWFR6HuxVc=

path-parse@^1.0.7:
  version "1.0.7"
  resolved "http://r.npm.sankuai.com/path-parse/download/path-parse-1.0.7.tgz#fbc114b60ca42b30d9daf5858e4bd68bbedb6735"
  integrity sha1-+8EUtgykKzDZ2vWFjkvWi77bZzU=

picocolors@^1.0.0:
  version "1.0.0"
  resolved "http://r.npm.sankuai.com/picocolors/download/picocolors-1.0.0.tgz#cb5bdc74ff3f51892236eaf79d68bc44564ab81c"
  integrity sha1-y1vcdP8/UYkiNur3nWi8RFZKuBw=

postcss@^8.1.10, postcss@^8.4.12:
  version "8.4.12"
  resolved "http://r.npm.sankuai.com/postcss/download/postcss-8.4.12.tgz#1e7de78733b28970fa4743f7da6f3763648b1905"
  integrity sha1-Hn3nhzOyiXD6R0P32m83Y2SLGQU=
  dependencies:
    nanoid "^3.3.1"
    picocolors "^1.0.0"
    source-map-js "^1.0.2"

preact@^10.0.0:
  version "10.7.1"
  resolved "http://r.npm.sankuai.com/preact/download/preact-10.7.1.tgz#bdd2b2dce91a5842c3b9b34dfe050e5401068c9e"
  integrity sha1-vdKy3OkaWELDubNN/gUOVAEGjJ4=

prismjs@^1.25.0:
  version "1.27.0"
  resolved "http://r.npm.sankuai.com/prismjs/download/prismjs-1.27.0.tgz#bb6ee3138a0b438a3653dd4d6ce0cc6510a45057"
  integrity sha1-u27jE4oLQ4o2U91NbODMZRCkUFc=

resolve@^1.22.0:
  version "1.22.0"
  resolved "http://r.npm.sankuai.com/resolve/download/resolve-1.22.0.tgz#5e0b8c67c15df57a89bdbabe603a002f21731198"
  integrity sha1-XguMZ8Fd9XqJvbq+YDoALyFzEZg=
  dependencies:
    is-core-module "^2.8.1"
    path-parse "^1.0.7"
    supports-preserve-symlinks-flag "^1.0.0"

rollup@^2.59.0:
  version "2.70.1"
  resolved "http://r.npm.sankuai.com/rollup/download/rollup-2.70.1.tgz#824b1f1f879ea396db30b0fc3ae8d2fead93523e"
  integrity sha1-gksfH4eeo5bbMLD8OujS/q2TUj4=
  optionalDependencies:
    fsevents "~2.3.2"

source-map-js@^1.0.2:
  version "1.0.2"
  resolved "http://r.npm.sankuai.com/source-map-js/download/source-map-js-1.0.2.tgz#adbc361d9c62df380125e7f161f71c826f1e490c"
  integrity sha1-rbw2HZxi3zgBJefxYfccgm8eSQw=

source-map@^0.6.1:
  version "0.6.1"
  resolved "http://r.npm.sankuai.com/source-map/download/source-map-0.6.1.tgz#74722af32e9614e9c287a8d0bbde48b5e2f1a263"
  integrity sha1-dHIq8y6WFOnCh6jQu95IteLxomM=

sourcemap-codec@^1.4.8:
  version "1.4.8"
  resolved "http://r.npm.sankuai.com/sourcemap-codec/download/sourcemap-codec-1.4.8.tgz#ea804bd94857402e6992d05a38ef1ae35a9ab4c4"
  integrity sha1-6oBL2UhXQC5pktBaOO8a41qatMQ=

supports-preserve-symlinks-flag@^1.0.0:
  version "1.0.0"
  resolved "http://r.npm.sankuai.com/supports-preserve-symlinks-flag/download/supports-preserve-symlinks-flag-1.0.0.tgz#6eda4bd344a3c94aea376d4cc31bc77311039e09"
  integrity sha1-btpL00SjyUrqN21MwxvHcxEDngk=

vite@^2.8.1:
  version "2.9.1"
  resolved "http://r.npm.sankuai.com/vite/download/vite-2.9.1.tgz#84bce95fae210a7beb566a0af06246748066b48f"
  integrity sha1-hLzpX64hCnvrVmoK8GJGdIBmtI8=
  dependencies:
    esbuild "^0.14.27"
    postcss "^8.4.12"
    resolve "^1.22.0"
    rollup "^2.59.0"
  optionalDependencies:
    fsevents "~2.3.2"

vitepress@^0.22.3:
  version "0.22.3"
  resolved "http://r.npm.sankuai.com/vitepress/download/vitepress-0.22.3.tgz#5d29741497fa4dd4d08e65d529310cf92897b52f"
  integrity sha1-XSl0FJf6TdTQjmXVKTEM+SiXtS8=
  dependencies:
    "@docsearch/css" "^3.0.0-alpha.41"
    "@docsearch/js" "^3.0.0-alpha.41"
    "@vitejs/plugin-vue" "^2.2.0"
    prismjs "^1.25.0"
    vite "^2.8.1"
    vue "^3.2.31"

vue@^3.2.31:
  version "3.2.31"
  resolved "http://r.npm.sankuai.com/vue/download/vue-3.2.31.tgz#e0c49924335e9f188352816788a4cca10f817ce6"
  integrity sha1-4MSZJDNenxiDUoFniKTMoQ+BfOY=
  dependencies:
    "@vue/compiler-dom" "3.2.31"
    "@vue/compiler-sfc" "3.2.31"
    "@vue/runtime-dom" "3.2.31"
    "@vue/server-renderer" "3.2.31"
    "@vue/shared" "3.2.31"
